// !$*UTF8*$!
{
	archiveVersion = 1;
	classes = {
	};
	objectVersion = 46;
	objects = {

/* Begin PBXBuildFile section */
		673944D41823B23E000D0D11 /* Foundation.framework in Frameworks */ = {isa = PBXBuildFile; fileRef = 673944D31823B23E000D0D11 /* Foundation.framework */; };
		673944D61823B23E000D0D11 /* CoreGraphics.framework in Frameworks */ = {isa = PBXBuildFile; fileRef = 673944D51823B23E000D0D11 /* CoreGraphics.framework */; };
		673944D81823B23E000D0D11 /* UIKit.framework in Frameworks */ = {isa = PBXBuildFile; fileRef = 673944D71823B23E000D0D11 /* UIKit.framework */; };
		673944DA1823B23E000D0D11 /* GLKit.framework in Frameworks */ = {isa = PBXBuildFile; fileRef = 673944D91823B23E000D0D11 /* GLKit.framework */; };
		673944DC1823B23E000D0D11 /* OpenGLES.framework in Frameworks */ = {isa = PBXBuildFile; fileRef = 673944DB1823B23E000D0D11 /* OpenGLES.framework */; };
		673944E21823B23E000D0D11 /* InfoPlist.strings in Resources */ = {isa = PBXBuildFile; fileRef = 673944E01823B23E000D0D11 /* InfoPlist.strings */; };
		673944E41823B23E000D0D11 /* main.m in Sources */ = {isa = PBXBuildFile; fileRef = 673944E31823B23E000D0D11 /* main.m */; };
		673944E81823B23E000D0D11 /* AppDelegate.m in Sources */ = {isa = PBXBuildFile; fileRef = 673944E71823B23E000D0D11 /* AppDelegate.m */; };
		673944EB1823B23E000D0D11 /* Main_iPhone.storyboard in Resources */ = {isa = PBXBuildFile; fileRef = 673944E91823B23E000D0D11 /* Main_iPhone.storyboard */; };
		673944EE1823B23E000D0D11 /* Main_iPad.storyboard in Resources */ = {isa = PBXBuildFile; fileRef = 673944EC1823B23E000D0D11 /* Main_iPad.storyboard */; };
		673944F01823B23E000D0D11 /* Shader.fsh in Resources */ = {isa = PBXBuildFile; fileRef = 673944EF1823B23E000D0D11 /* Shader.fsh */; };
		673944F21823B23E000D0D11 /* Shader.vsh in Resources */ = {isa = PBXBuildFile; fileRef = 673944F11823B23E000D0D11 /* Shader.vsh */; };
		673944F51823B23E000D0D11 /* ViewController.m in Sources */ = {isa = PBXBuildFile; fileRef = 673944F41823B23E000D0D11 /* ViewController.m */; };
		673944F71823B23E000D0D11 /* Images.xcassets in Resources */ = {isa = PBXBuildFile; fileRef = 673944F61823B23E000D0D11 /* Images.xcassets */; };
		673944FE1823B23E000D0D11 /* XCTest.framework in Frameworks */ = {isa = PBXBuildFile; fileRef = 673944FD1823B23E000D0D11 /* XCTest.framework */; };
		673944FF1823B23E000D0D11 /* Foundation.framework in Frameworks */ = {isa = PBXBuildFile; fileRef = 673944D31823B23E000D0D11 /* Foundation.framework */; };
		673945001823B23E000D0D11 /* UIKit.framework in Frameworks */ = {isa = PBXBuildFile; fileRef = 673944D71823B23E000D0D11 /* UIKit.framework */; };
		673945081823B23E000D0D11 /* InfoPlist.strings in Resources */ = {isa = PBXBuildFile; fileRef = 673945061823B23E000D0D11 /* InfoPlist.strings */; };
		6739450A1823B23E000D0D11 /* TestprojektTests.m in Sources */ = {isa = PBXBuildFile; fileRef = 673945091823B23E000D0D11 /* TestprojektTests.m */; };
/* End PBXBuildFile section */

/* Begin PBXContainerItemProxy section */
		673945011823B23E000D0D11 /* PBXContainerItemProxy */ = {
			isa = PBXContainerItemProxy;
			containerPortal = 673944C81823B23E000D0D11 /* Project object */;
			proxyType = 1;
			remoteGlobalIDString = 673944CF1823B23E000D0D11;
			remoteInfo = Testprojekt;
		};
/* End PBXContainerItemProxy section */

/* Begin PBXFileReference section */
		673944D01823B23E000D0D11 /* Testprojekt.app */ = {isa = PBXFileReference; explicitFileType = wrapper.application; includeInIndex = 0; path = Testprojekt.app; sourceTree = BUILT_PRODUCTS_DIR; };
		673944D31823B23E000D0D11 /* Foundation.framework */ = {isa = PBXFileReference; lastKnownFileType = wrapper.framework; name = Foundation.framework; path = System/Library/Frameworks/Foundation.framework; sourceTree = SDKROOT; };
		673944D51823B23E000D0D11 /* CoreGraphics.framework */ = {isa = PBXFileReference; lastKnownFileType = wrapper.framework; name = CoreGraphics.framework; path = System/Library/Frameworks/CoreGraphics.framework; sourceTree = SDKROOT; };
		673944D71823B23E000D0D11 /* UIKit.framework */ = {isa = PBXFileReference; lastKnownFileType = wrapper.framework; name = UIKit.framework; path = System/Library/Frameworks/UIKit.framework; sourceTree = SDKROOT; };
		673944D91823B23E000D0D11 /* GLKit.framework */ = {isa = PBXFileReference; lastKnownFileType = wrapper.framework; name = GLKit.framework; path = System/Library/Frameworks/GLKit.framework; sourceTree = SDKROOT; };
		673944DB1823B23E000D0D11 /* OpenGLES.framework */ = {isa = PBXFileReference; lastKnownFileType = wrapper.framework; name = OpenGLES.framework; path = System/Library/Frameworks/OpenGLES.framework; sourceTree = SDKROOT; };
		673944DF1823B23E000D0D11 /* Testprojekt-Info.plist */ = {isa = PBXFileReference; lastKnownFileType = text.plist.xml; path = "Testprojekt-Info.plist"; sourceTree = "<group>"; };
		673944E11823B23E000D0D11 /* en */ = {isa = PBXFileReference; lastKnownFileType = text.plist.strings; name = en; path = en.lproj/InfoPlist.strings; sourceTree = "<group>"; };
		673944E31823B23E000D0D11 /* main.m */ = {isa = PBXFileReference; lastKnownFileType = sourcecode.c.objc; path = main.m; sourceTree = "<group>"; };
		673944E51823B23E000D0D11 /* Testprojekt-Prefix.pch */ = {isa = PBXFileReference; lastKnownFileType = sourcecode.c.h; path = "Testprojekt-Prefix.pch"; sourceTree = "<group>"; };
		673944E61823B23E000D0D11 /* AppDelegate.h */ = {isa = PBXFileReference; lastKnownFileType = sourcecode.c.h; path = AppDelegate.h; sourceTree = "<group>"; };
		673944E71823B23E000D0D11 /* AppDelegate.m */ = {isa = PBXFileReference; lastKnownFileType = sourcecode.c.objc; path = AppDelegate.m; sourceTree = "<group>"; };
		673944EA1823B23E000D0D11 /* Base */ = {isa = PBXFileReference; lastKnownFileType = file.storyboard; name = Base; path = Base.lproj/Main_iPhone.storyboard; sourceTree = "<group>"; };
		673944ED1823B23E000D0D11 /* Base */ = {isa = PBXFileReference; lastKnownFileType = file.storyboard; name = Base; path = Base.lproj/Main_iPad.storyboard; sourceTree = "<group>"; };
		673944EF1823B23E000D0D11 /* Shader.fsh */ = {isa = PBXFileReference; lastKnownFileType = sourcecode.glsl; name = Shader.fsh; path = Shaders/Shader.fsh; sourceTree = "<group>"; };
		673944F11823B23E000D0D11 /* Shader.vsh */ = {isa = PBXFileReference; lastKnownFileType = sourcecode.glsl; name = Shader.vsh; path = Shaders/Shader.vsh; sourceTree = "<group>"; };
		673944F31823B23E000D0D11 /* ViewController.h */ = {isa = PBXFileReference; lastKnownFileType = sourcecode.c.h; path = ViewController.h; sourceTree = "<group>"; };
		673944F41823B23E000D0D11 /* ViewController.m */ = {isa = PBXFileReference; lastKnownFileType = sourcecode.c.objc; path = ViewController.m; sourceTree = "<group>"; };
		673944F61823B23E000D0D11 /* Images.xcassets */ = {isa = PBXFileReference; lastKnownFileType = folder.assetcatalog; path = Images.xcassets; sourceTree = "<group>"; };
		673944FC1823B23E000D0D11 /* TestprojektTests.xctest */ = {isa = PBXFileReference; explicitFileType = wrapper.cfbundle; includeInIndex = 0; path = TestprojektTests.xctest; sourceTree = BUILT_PRODUCTS_DIR; };
		673944FD1823B23E000D0D11 /* XCTest.framework */ = {isa = PBXFileReference; lastKnownFileType = wrapper.framework; name = XCTest.framework; path = Library/Frameworks/XCTest.framework; sourceTree = DEVELOPER_DIR; };
		673945051823B23E000D0D11 /* TestprojektTests-Info.plist */ = {isa = PBXFileReference; lastKnownFileType = text.plist.xml; path = "TestprojektTests-Info.plist"; sourceTree = "<group>"; };
		673945071823B23E000D0D11 /* en */ = {isa = PBXFileReference; lastKnownFileType = text.plist.strings; name = en; path = en.lproj/InfoPlist.strings; sourceTree = "<group>"; };
		673945091823B23E000D0D11 /* TestprojektTests.m */ = {isa = PBXFileReference; lastKnownFileType = sourcecode.c.objc; path = TestprojektTests.m; sourceTree = "<group>"; };
/* End PBXFileReference section */

/* Begin PBXFrameworksBuildPhase section */
		673944CD1823B23E000D0D11 /* Frameworks */ = {
			isa = PBXFrameworksBuildPhase;
			buildActionMask = 2147483647;
			files = (
				673944DC1823B23E000D0D11 /* OpenGLES.framework in Frameworks */,
				673944D61823B23E000D0D11 /* CoreGraphics.framework in Frameworks */,
				673944D81823B23E000D0D11 /* UIKit.framework in Frameworks */,
				673944DA1823B23E000D0D11 /* GLKit.framework in Frameworks */,
				673944D41823B23E000D0D11 /* Foundation.framework in Frameworks */,
			);
			runOnlyForDeploymentPostprocessing = 0;
		};
		673944F91823B23E000D0D11 /* Frameworks */ = {
			isa = PBXFrameworksBuildPhase;
			buildActionMask = 2147483647;
			files = (
				673944FE1823B23E000D0D11 /* XCTest.framework in Frameworks */,
				673945001823B23E000D0D11 /* UIKit.framework in Frameworks */,
				673944FF1823B23E000D0D11 /* Foundation.framework in Frameworks */,
			);
			runOnlyForDeploymentPostprocessing = 0;
		};
/* End PBXFrameworksBuildPhase section */

/* Begin PBXGroup section */
		673944C71823B23E000D0D11 = {
			isa = PBXGroup;
			children = (
				673944DD1823B23E000D0D11 /* Testprojekt */,
				673945031823B23E000D0D11 /* TestprojektTests */,
				673944D21823B23E000D0D11 /* Frameworks */,
				673944D11823B23E000D0D11 /* Products */,
			);
			sourceTree = "<group>";
		};
		673944D11823B23E000D0D11 /* Products */ = {
			isa = PBXGroup;
			children = (
				673944D01823B23E000D0D11 /* Testprojekt.app */,
				673944FC1823B23E000D0D11 /* TestprojektTests.xctest */,
			);
			name = Products;
			sourceTree = "<group>";
		};
		673944D21823B23E000D0D11 /* Frameworks */ = {
			isa = PBXGroup;
			children = (
				673944D31823B23E000D0D11 /* Foundation.framework */,
				673944D51823B23E000D0D11 /* CoreGraphics.framework */,
				673944D71823B23E000D0D11 /* UIKit.framework */,
				673944D91823B23E000D0D11 /* GLKit.framework */,
				673944DB1823B23E000D0D11 /* OpenGLES.framework */,
				673944FD1823B23E000D0D11 /* XCTest.framework */,
			);
			name = Frameworks;
			sourceTree = "<group>";
		};
		673944DD1823B23E000D0D11 /* Testprojekt */ = {
			isa = PBXGroup;
			children = (
				673944E61823B23E000D0D11 /* AppDelegate.h */,
				673944E71823B23E000D0D11 /* AppDelegate.m */,
				673944E91823B23E000D0D11 /* Main_iPhone.storyboard */,
				673944EC1823B23E000D0D11 /* Main_iPad.storyboard */,
				673944EF1823B23E000D0D11 /* Shader.fsh */,
				673944F11823B23E000D0D11 /* Shader.vsh */,
				673944F31823B23E000D0D11 /* ViewController.h */,
				673944F41823B23E000D0D11 /* ViewController.m */,
				673944F61823B23E000D0D11 /* Images.xcassets */,
				673944DE1823B23E000D0D11 /* Supporting Files */,
			);
			path = Testprojekt;
			sourceTree = "<group>";
		};
		673944DE1823B23E000D0D11 /* Supporting Files */ = {
			isa = PBXGroup;
			children = (
				673944DF1823B23E000D0D11 /* Testprojekt-Info.plist */,
				673944E01823B23E000D0D11 /* InfoPlist.strings */,
				673944E31823B23E000D0D11 /* main.m */,
				673944E51823B23E000D0D11 /* Testprojekt-Prefix.pch */,
			);
			name = "Supporting Files";
			sourceTree = "<group>";
		};
		673945031823B23E000D0D11 /* TestprojektTests */ = {
			isa = PBXGroup;
			children = (
				673945091823B23E000D0D11 /* TestprojektTests.m */,
				673945041823B23E000D0D11 /* Supporting Files */,
			);
			path = TestprojektTests;
			sourceTree = "<group>";
		};
		673945041823B23E000D0D11 /* Supporting Files */ = {
			isa = PBXGroup;
			children = (
				673945051823B23E000D0D11 /* TestprojektTests-Info.plist */,
				673945061823B23E000D0D11 /* InfoPlist.strings */,
			);
			name = "Supporting Files";
			sourceTree = "<group>";
		};
/* End PBXGroup section */

/* Begin PBXNativeTarget section */
		673944CF1823B23E000D0D11 /* Testprojekt */ = {
			isa = PBXNativeTarget;
			buildConfigurationList = 6739450D1823B23E000D0D11 /* Build configuration list for PBXNativeTarget "Testprojekt" */;
			buildPhases = (
				673944CC1823B23E000D0D11 /* Sources */,
				673944CD1823B23E000D0D11 /* Frameworks */,
				673944CE1823B23E000D0D11 /* Resources */,
			);
			buildRules = (
			);
			dependencies = (
			);
			name = Testprojekt;
			productName = Testprojekt;
			productReference = 673944D01823B23E000D0D11 /* Testprojekt.app */;
			productType = "com.apple.product-type.application";
		};
		673944FB1823B23E000D0D11 /* TestprojektTests */ = {
			isa = PBXNativeTarget;
			buildConfigurationList = 673945101823B23E000D0D11 /* Build configuration list for PBXNativeTarget "TestprojektTests" */;
			buildPhases = (
				673944F81823B23E000D0D11 /* Sources */,
				673944F91823B23E000D0D11 /* Frameworks */,
				673944FA1823B23E000D0D11 /* Resources */,
			);
			buildRules = (
			);
			dependencies = (
				673945021823B23E000D0D11 /* PBXTargetDependency */,
			);
			name = TestprojektTests;
			productName = TestprojektTests;
			productReference = 673944FC1823B23E000D0D11 /* TestprojektTests.xctest */;
			productType = "com.apple.product-type.bundle.unit-test";
		};
/* End PBXNativeTarget section */

/* Begin PBXProject section */
		673944C81823B23E000D0D11 /* Project object */ = {
			isa = PBXProject;
			attributes = {
				LastUpgradeCheck = 0500;
				ORGANIZATIONNAME = "Johan Dahlgren";
				TargetAttributes = {
					673944FB1823B23E000D0D11 = {
						TestTargetID = 673944CF1823B23E000D0D11;
					};
				};
			};
			buildConfigurationList = 673944CB1823B23E000D0D11 /* Build configuration list for PBXProject "Testprojekt" */;
			compatibilityVersion = "Xcode 3.2";
			developmentRegion = English;
			hasScannedForEncodings = 0;
			knownRegions = (
				en,
				Base,
			);
			mainGroup = 673944C71823B23E000D0D11;
			productRefGroup = 673944D11823B23E000D0D11 /* Products */;
			projectDirPath = "";
			projectRoot = "";
			targets = (
				673944CF1823B23E000D0D11 /* Testprojekt */,
				673944FB1823B23E000D0D11 /* TestprojektTests */,
			);
		};
/* End PBXProject section */

/* Begin PBXResourcesBuildPhase section */
		673944CE1823B23E000D0D11 /* Resources */ = {
			isa = PBXResourcesBuildPhase;
			buildActionMask = 2147483647;
			files = (
				673944F01823B23E000D0D11 /* Shader.fsh in Resources */,
				673944EE1823B23E000D0D11 /* Main_iPad.storyboard in Resources */,
				673944EB1823B23E000D0D11 /* Main_iPhone.storyboard in Resources */,
				673944F71823B23E000D0D11 /* Images.xcassets in Resources */,
				673944E21823B23E000D0D11 /* InfoPlist.strings in Resources */,
				673944F21823B23E000D0D11 /* Shader.vsh in Resources */,
			);
			runOnlyForDeploymentPostprocessing = 0;
		};
		673944FA1823B23E000D0D11 /* Resources */ = {
			isa = PBXResourcesBuildPhase;
			buildActionMask = 2147483647;
			files = (
				673945081823B23E000D0D11 /* InfoPlist.strings in Resources */,
			);
			runOnlyForDeploymentPostprocessing = 0;
		};
/* End PBXResourcesBuildPhase section */

/* Begin PBXSourcesBuildPhase section */
		673944CC1823B23E000D0D11 /* Sources */ = {
			isa = PBXSourcesBuildPhase;
			buildActionMask = 2147483647;
			files = (
				673944F51823B23E000D0D11 /* ViewController.m in Sources */,
				673944E81823B23E000D0D11 /* AppDelegate.m in Sources */,
				673944E41823B23E000D0D11 /* main.m in Sources */,
			);
			runOnlyForDeploymentPostprocessing = 0;
		};
		673944F81823B23E000D0D11 /* Sources */ = {
			isa = PBXSourcesBuildPhase;
			buildActionMask = 2147483647;
			files = (
				6739450A1823B23E000D0D11 /* TestprojektTests.m in Sources */,
			);
			runOnlyForDeploymentPostprocessing = 0;
		};
/* End PBXSourcesBuildPhase section */

/* Begin PBXTargetDependency section */
		673945021823B23E000D0D11 /* PBXTargetDependency */ = {
			isa = PBXTargetDependency;
			target = 673944CF1823B23E000D0D11 /* Testprojekt */;
			targetProxy = 673945011823B23E000D0D11 /* PBXContainerItemProxy */;
		};
/* End PBXTargetDependency section */

/* Begin PBXVariantGroup section */
		673944E01823B23E000D0D11 /* InfoPlist.strings */ = {
			isa = PBXVariantGroup;
			children = (
				673944E11823B23E000D0D11 /* en */,
			);
			name = InfoPlist.strings;
			sourceTree = "<group>";
		};
		673944E91823B23E000D0D11 /* Main_iPhone.storyboard */ = {
			isa = PBXVariantGroup;
			children = (
				673944EA1823B23E000D0D11 /* Base */,
			);
			name = Main_iPhone.storyboard;
			sourceTree = "<group>";
		};
		673944EC1823B23E000D0D11 /* Main_iPad.storyboard */ = {
			isa = PBXVariantGroup;
			children = (
				673944ED1823B23E000D0D11 /* Base */,
			);
			name = Main_iPad.storyboard;
			sourceTree = "<group>";
		};
		673945061823B23E000D0D11 /* InfoPlist.strings */ = {
			isa = PBXVariantGroup;
			children = (
				673945071823B23E000D0D11 /* en */,
			);
			name = InfoPlist.strings;
			sourceTree = "<group>";
		};
/* End PBXVariantGroup section */

/* Begin XCBuildConfiguration section */
		6739450B1823B23E000D0D11 /* Debug */ = {
			isa = XCBuildConfiguration;
			buildSettings = {
				ALWAYS_SEARCH_USER_PATHS = NO;
				ARCHS = "$(ARCHS_STANDARD_INCLUDING_64_BIT)";
				CLANG_CXX_LANGUAGE_STANDARD = "gnu++0x";
				CLANG_CXX_LIBRARY = "libc++";
				CLANG_ENABLE_MODULES = YES;
				CLANG_ENABLE_OBJC_ARC = YES;
				CLANG_WARN_BOOL_CONVERSION = YES;
				CLANG_WARN_CONSTANT_CONVERSION = YES;
				CLANG_WARN_DIRECT_OBJC_ISA_USAGE = YES_ERROR;
				CLANG_WARN_EMPTY_BODY = YES;
				CLANG_WARN_ENUM_CONVERSION = YES;
				CLANG_WARN_INT_CONVERSION = YES;
				CLANG_WARN_OBJC_ROOT_CLASS = YES_ERROR;
				CLANG_WARN__DUPLICATE_METHOD_MATCH = YES;
				"CODE_SIGN_IDENTITY[sdk=iphoneos*]" = "iPhone Developer";
				COPY_PHASE_STRIP = NO;
				GCC_C_LANGUAGE_STANDARD = gnu99;
				GCC_DYNAMIC_NO_PIC = NO;
				GCC_OPTIMIZATION_LEVEL = 0;
				GCC_PREPROCESSOR_DEFINITIONS = (
					"DEBUG=1",
					"$(inherited)",
				);
				GCC_SYMBOLS_PRIVATE_EXTERN = NO;
				GCC_WARN_64_TO_32_BIT_CONVERSION = YES;
				GCC_WARN_ABOUT_RETURN_TYPE = YES_ERROR;
				GCC_WARN_UNDECLARED_SELECTOR = YES;
				GCC_WARN_UNINITIALIZED_AUTOS = YES;
				GCC_WARN_UNUSED_FUNCTION = YES;
				GCC_WARN_UNUSED_VARIABLE = YES;
				IPHONEOS_DEPLOYMENT_TARGET = 7.0;
				ONLY_ACTIVE_ARCH = YES;
				SDKROOT = iphoneos;
				TARGETED_DEVICE_FAMILY = "1,2";
			};
			name = Debug;
		};
		6739450C1823B23E000D0D11 /* Release */ = {
			isa = XCBuildConfiguration;
			buildSettings = {
				ALWAYS_SEARCH_USER_PATHS = NO;
				ARCHS = "$(ARCHS_STANDARD_INCLUDING_64_BIT)";
				CLANG_CXX_LANGUAGE_STANDARD = "gnu++0x";
				CLANG_CXX_LIBRARY = "libc++";
				CLANG_ENABLE_MODULES = YES;
				CLANG_ENABLE_OBJC_ARC = YES;
				CLANG_WARN_BOOL_CONVERSION = YES;
				CLANG_WARN_CONSTANT_CONVERSION = YES;
				CLANG_WARN_DIRECT_OBJC_ISA_USAGE = YES_ERROR;
				CLANG_WARN_EMPTY_BODY = YES;
				CLANG_WARN_ENUM_CONVERSION = YES;
				CLANG_WARN_INT_CONVERSION = YES;
				CLANG_WARN_OBJC_ROOT_CLASS = YES_ERROR;
				CLANG_WARN__DUPLICATE_METHOD_MATCH = YES;
				"CODE_SIGN_IDENTITY[sdk=iphoneos*]" = "iPhone Developer";
				COPY_PHASE_STRIP = YES;
				ENABLE_NS_ASSERTIONS = NO;
				GCC_C_LANGUAGE_STANDARD = gnu99;
				GCC_WARN_64_TO_32_BIT_CONVERSION = YES;
				GCC_WARN_ABOUT_RETURN_TYPE = YES_ERROR;
				GCC_WARN_UNDECLARED_SELECTOR = YES;
				GCC_WARN_UNINITIALIZED_AUTOS = YES;
				GCC_WARN_UNUSED_FUNCTION = YES;
				GCC_WARN_UNUSED_VARIABLE = YES;
				IPHONEOS_DEPLOYMENT_TARGET = 7.0;
				SDKROOT = iphoneos;
				TARGETED_DEVICE_FAMILY = "1,2";
				VALIDATE_PRODUCT = YES;
			};
			name = Release;
		};
		6739450E1823B23E000D0D11 /* Debug */ = {
			isa = XCBuildConfiguration;
			buildSettings = {
				ASSETCATALOG_COMPILER_APPICON_NAME = AppIcon;
				ASSETCATALOG_COMPILER_LAUNCHIMAGE_NAME = LaunchImage;
				GCC_PRECOMPILE_PREFIX_HEADER = YES;
				GCC_PREFIX_HEADER = "Testprojekt/Testprojekt-Prefix.pch";
				INFOPLIST_FILE = "Testprojekt/Testprojekt-Info.plist";
				PRODUCT_NAME = "$(TARGET_NAME)";
				WRAPPER_EXTENSION = app;
			};
			name = Debug;
		};
		6739450F1823B23E000D0D11 /* Release */ = {
			isa = XCBuildConfiguration;
			buildSettings = {
				ASSETCATALOG_COMPILER_APPICON_NAME = AppIcon;
				ASSETCATALOG_COMPILER_LAUNCHIMAGE_NAME = LaunchImage;
				GCC_PRECOMPILE_PREFIX_HEADER = YES;
				GCC_PREFIX_HEADER = "Testprojekt/Testprojekt-Prefix.pch";
				INFOPLIST_FILE = "Testprojekt/Testprojekt-Info.plist";
				PRODUCT_NAME = "$(TARGET_NAME)";
				WRAPPER_EXTENSION = app;
			};
			name = Release;
		};
		673945111823B23E000D0D11 /* Debug */ = {
			isa = XCBuildConfiguration;
			buildSettings = {
				ARCHS = "$(ARCHS_STANDARD_INCLUDING_64_BIT)";
				BUNDLE_LOADER = "$(BUILT_PRODUCTS_DIR)/Testprojekt.app/Testprojekt";
				FRAMEWORK_SEARCH_PATHS = (
					"$(SDKROOT)/Developer/Library/Frameworks",
					"$(inherited)",
					"$(DEVELOPER_FRAMEWORKS_DIR)",
				);
				GCC_PRECOMPILE_PREFIX_HEADER = YES;
				GCC_PREFIX_HEADER = "Testprojekt/Testprojekt-Prefix.pch";
				GCC_PREPROCESSOR_DEFINITIONS = (
					"DEBUG=1",
					"$(inherited)",
				);
				INFOPLIST_FILE = "TestprojektTests/TestprojektTests-Info.plist";
				PRODUCT_NAME = "$(TARGET_NAME)";
				TEST_HOST = "$(BUNDLE_LOADER)";
				WRAPPER_EXTENSION = xctest;
			};
			name = Debug;
		};
		673945121823B23E000D0D11 /* Release */ = {
			isa = XCBuildConfiguration;
			buildSettings = {
				ARCHS = "$(ARCHS_STANDARD_INCLUDING_64_BIT)";
				BUNDLE_LOADER = "$(BUILT_PRODUCTS_DIR)/Testprojekt.app/Testprojekt";
				FRAMEWORK_SEARCH_PATHS = (
					"$(SDKROOT)/Developer/Library/Frameworks",
					"$(inherited)",
					"$(DEVELOPER_FRAMEWORKS_DIR)",
				);
				GCC_PRECOMPILE_PREFIX_HEADER = YES;
				GCC_PREFIX_HEADER = "Testprojekt/Testprojekt-Prefix.pch";
				INFOPLIST_FILE = "TestprojektTests/TestprojektTests-Info.plist";
				PRODUCT_NAME = "$(TARGET_NAME)";
				TEST_HOST = "$(BUNDLE_LOADER)";
				WRAPPER_EXTENSION = xctest;
			};
			name = Release;
		};
/* End XCBuildConfiguration section */

/* Begin XCConfigurationList section */
		673944CB1823B23E000D0D11 /* Build configuration list for PBXProject "Testprojekt" */ = {
			isa = XCConfigurationList;
			buildConfigurations = (
				6739450B1823B23E000D0D11 /* Debug */,
				6739450C1823B23E000D0D11 /* Release */,
			);
			defaultConfigurationIsVisible = 0;
			defaultConfigurationName = Release;
		};
		6739450D1823B23E000D0D11 /* Build configuration list for PBXNativeTarget "Testprojekt" */ = {
			isa = XCConfigurationList;
			buildConfigurations = (
				6739450E1823B23E000D0D11 /* Debug */,
				6739450F1823B23E000D0D11 /* Release */,
			);
			defaultConfigurationIsVisible = 0;
		};
		673945101823B23E000D0D11 /* Build configuration list for PBXNativeTarget "TestprojektTests" */ = {
			isa = XCConfigurationList;
			buildConfigurations = (
				673945111823B23E000D0D11 /* Debug */,
				673945121823B23E000D0D11 /* Release */,
			);
			defaultConfigurationIsVisible = 0;
		};
/* End XCConfigurationList section */
	};
	rootObject = 673944C81823B23E000D0D11 /* Project object */;
}
